
Microsoft Visual Studio Solution File, Format Version 12.00
# Visual Studio Version 16
VisualStudioVersion = 16.0.29123.88
MinimumVisualStudioVersion = 10.0.40219.1
Project("{FAE04EC0-301F-11D3-BF4B-00C04F79EFBC}") = "CurvedInsulation", "CurvedInsulation.csproj", "{C845F6F2-9F5D-442F-81A6-ABC5579DB649}"
EndProject
Global
	GlobalSection(SolutionConfigurationPlatforms) = preSolution
		Debug|Any CPU = Debug|Any CPU
		Release|Any CPU = Release|Any CPU
	EndGlobalSection
	GlobalSection(ProjectConfigurationPlatforms) = postSolution
		{C845F6F2-9F5D-442F-81A6-ABC5579DB649}.Debug|Any CPU.ActiveCfg = Debug|Any CPU
		{C845F6F2-9F5D-442F-81A6-ABC5579DB649}.Debug|Any CPU.Build.0 = Debug|Any CPU
		{C845F6F2-9F5D-442F-81A6-ABC5579DB649}.Release|Any CPU.ActiveCfg = Release|Any CPU
		{C845F6F2-9F5D-442F-81A6-ABC5579DB649}.Release|Any CPU.Build.0 = Release|Any CPU
	EndGlobalSection
	GlobalSection(SolutionProperties) = preSolution
		HideSolutionNode = FALSE
	EndGlobalSection
	GlobalSection(ExtensibilityGlobals) = postSolution
		SolutionGuid = {FB17521F-D8C7-45D2-8525-EBB3CA26A241}
	EndGlobalSection
EndGlobal
